
Microsoft Visual Studio Solution File, Format Version 12.00
# Visual Studio Version 17
VisualStudioVersion = 17.5.33516.290
MinimumVisualStudioVersion = 10.0.40219.1
Project("{FAE04EC0-301F-11D3-BF4B-00C04F79EFBC}") = "Timesheet.API", "Timesheet.API\Timesheet.API.csproj", "{1EBBE47A-33D8-4968-8085-ED664FA0B842}"
EndProject
Global
	GlobalSection(SolutionConfigurationPlatforms) = preSolution
		Debug|Any CPU = Debug|Any CPU
		Release|Any CPU = Release|Any CPU
	EndGlobalSection
	GlobalSection(ProjectConfigurationPlatforms) = postSolution
		{1EBBE47A-33D8-4968-8085-ED664FA0B842}.Debug|Any CPU.ActiveCfg = Debug|Any CPU
		{1EBBE47A-33D8-4968-8085-ED664FA0B842}.Debug|Any CPU.Build.0 = Debug|Any CPU
		{1EBBE47A-33D8-4968-8085-ED664FA0B842}.Release|Any CPU.ActiveCfg = Release|Any CPU
		{1EBBE47A-33D8-4968-8085-ED664FA0B842}.Release|Any CPU.Build.0 = Release|Any CPU
	EndGlobalSection
	GlobalSection(SolutionProperties) = preSolution
		HideSolutionNode = FALSE
	EndGlobalSection
	GlobalSection(ExtensibilityGlobals) = postSolution
		SolutionGuid = {7DFAE514-63E1-4A28-B5A0-D757B44BE7CF}
	EndGlobalSection
EndGlobal
